
Microsoft Visual Studio Solution File, Format Version 12.00
# Visual Studio Version 17
VisualStudioVersion = 17.0.31903.59
MinimumVisualStudioVersion = 10.0.40219.1
Project("{FAE04EC0-301F-11D3-BF4B-00C04F79EFBC}") = "ApartmentManagement.DataAccess", "ApartmentManagement.DataAccess\ApartmentManagement.DataAccess.csproj", "{33BD56B6-8CDF-4B19-9F28-A37259F783EE}"
EndProject
Project("{FAE04EC0-301F-11D3-BF4B-00C04F79EFBC}") = "ApartmentManagement.Business", "ApartmentManagement.Business\ApartmentManagement.Business.csproj", "{E7BDE967-5818-4ECE-A491-BF2CE0FF2074}"
EndProject
Project("{FAE04EC0-301F-11D3-BF4B-00C04F79EFBC}") = "ApartmentManagement.WinFormUI", "ApartmentManagement.WinFormUI\ApartmentManagement.WinFormUI.csproj", "{2E67753F-2A43-4578-84B6-A22BDD08AA7D}"
EndProject
Global
	GlobalSection(SolutionConfigurationPlatforms) = preSolution
		Debug|Any CPU = Debug|Any CPU
		Debug|x64 = Debug|x64
		Debug|x86 = Debug|x86
		Release|Any CPU = Release|Any CPU
		Release|x64 = Release|x64
		Release|x86 = Release|x86
	EndGlobalSection
	GlobalSection(ProjectConfigurationPlatforms) = postSolution
		{33BD56B6-8CDF-4B19-9F28-A37259F783EE}.Debug|Any CPU.ActiveCfg = Debug|Any CPU
		{33BD56B6-8CDF-4B19-9F28-A37259F783EE}.Debug|Any CPU.Build.0 = Debug|Any CPU
		{33BD56B6-8CDF-4B19-9F28-A37259F783EE}.Debug|x64.ActiveCfg = Debug|Any CPU
		{33BD56B6-8CDF-4B19-9F28-A37259F783EE}.Debug|x64.Build.0 = Debug|Any CPU
		{33BD56B6-8CDF-4B19-9F28-A37259F783EE}.Debug|x86.ActiveCfg = Debug|Any CPU
		{33BD56B6-8CDF-4B19-9F28-A37259F783EE}.Debug|x86.Build.0 = Debug|Any CPU
		{33BD56B6-8CDF-4B19-9F28-A37259F783EE}.Release|Any CPU.ActiveCfg = Release|Any CPU
		{33BD56B6-8CDF-4B19-9F28-A37259F783EE}.Release|Any CPU.Build.0 = Release|Any CPU
		{33BD56B6-8CDF-4B19-9F28-A37259F783EE}.Release|x64.ActiveCfg = Release|Any CPU
		{33BD56B6-8CDF-4B19-9F28-A37259F783EE}.Release|x64.Build.0 = Release|Any CPU
		{33BD56B6-8CDF-4B19-9F28-A37259F783EE}.Release|x86.ActiveCfg = Release|Any CPU
		{33BD56B6-8CDF-4B19-9F28-A37259F783EE}.Release|x86.Build.0 = Release|Any CPU
		{E7BDE967-5818-4ECE-A491-BF2CE0FF2074}.Debug|Any CPU.ActiveCfg = Debug|Any CPU
		{E7BDE967-5818-4ECE-A491-BF2CE0FF2074}.Debug|Any CPU.Build.0 = Debug|Any CPU
		{E7BDE967-5818-4ECE-A491-BF2CE0FF2074}.Debug|x64.ActiveCfg = Debug|Any CPU
		{E7BDE967-5818-4ECE-A491-BF2CE0FF2074}.Debug|x64.Build.0 = Debug|Any CPU
		{E7BDE967-5818-4ECE-A491-BF2CE0FF2074}.Debug|x86.ActiveCfg = Debug|Any CPU
		{E7BDE967-5818-4ECE-A491-BF2CE0FF2074}.Debug|x86.Build.0 = Debug|Any CPU
		{E7BDE967-5818-4ECE-A491-BF2CE0FF2074}.Release|Any CPU.ActiveCfg = Release|Any CPU
		{E7BDE967-5818-4ECE-A491-BF2CE0FF2074}.Release|Any CPU.Build.0 = Release|Any CPU
		{E7BDE967-5818-4ECE-A491-BF2CE0FF2074}.Release|x64.ActiveCfg = Release|Any CPU
		{E7BDE967-5818-4ECE-A491-BF2CE0FF2074}.Release|x64.Build.0 = Release|Any CPU
		{E7BDE967-5818-4ECE-A491-BF2CE0FF2074}.Release|x86.ActiveCfg = Release|Any CPU
		{E7BDE967-5818-4ECE-A491-BF2CE0FF2074}.Release|x86.Build.0 = Release|Any CPU
		{2E67753F-2A43-4578-84B6-A22BDD08AA7D}.Debug|Any CPU.ActiveCfg = Debug|Any CPU
		{2E67753F-2A43-4578-84B6-A22BDD08AA7D}.Debug|Any CPU.Build.0 = Debug|Any CPU
		{2E67753F-2A43-4578-84B6-A22BDD08AA7D}.Debug|x64.ActiveCfg = Debug|Any CPU
		{2E67753F-2A43-4578-84B6-A22BDD08AA7D}.Debug|x64.Build.0 = Debug|Any CPU
		{2E67753F-2A43-4578-84B6-A22BDD08AA7D}.Debug|x86.ActiveCfg = Debug|Any CPU
		{2E67753F-2A43-4578-84B6-A22BDD08AA7D}.Debug|x86.Build.0 = Debug|Any CPU
		{2E67753F-2A43-4578-84B6-A22BDD08AA7D}.Release|Any CPU.ActiveCfg = Release|Any CPU
		{2E67753F-2A43-4578-84B6-A22BDD08AA7D}.Release|Any CPU.Build.0 = Release|Any CPU
		{2E67753F-2A43-4578-84B6-A22BDD08AA7D}.Release|x64.ActiveCfg = Release|Any CPU
		{2E67753F-2A43-4578-84B6-A22BDD08AA7D}.Release|x64.Build.0 = Release|Any CPU
		{2E67753F-2A43-4578-84B6-A22BDD08AA7D}.Release|x86.ActiveCfg = Release|Any CPU
		{2E67753F-2A43-4578-84B6-A22BDD08AA7D}.Release|x86.Build.0 = Release|Any CPU
	EndGlobalSection
	GlobalSection(SolutionProperties) = preSolution
		HideSolutionNode = FALSE
	EndGlobalSection
EndGlobal
